
Microsoft Visual Studio Solution File, Format Version 12.00
# Visual Studio Version 17
VisualStudioVersion = 17.5.002.0
MinimumVisualStudioVersion = 10.0.40219.1
Project("{9A19103F-16F7-4668-BE54-9A1E7A4F7556}") = "CarRent.Api", "CarRent.Api\CarRent.Api.csproj", "{97025F5C-A17E-49C2-B678-3C92D112AC91}"
EndProject
Global
	GlobalSection(SolutionConfigurationPlatforms) = preSolution
		Debug|Any CPU = Debug|Any CPU
		Release|Any CPU = Release|Any CPU
	EndGlobalSection
	GlobalSection(ProjectConfigurationPlatforms) = postSolution
		{97025F5C-A17E-49C2-B678-3C92D112AC91}.Debug|Any CPU.ActiveCfg = Debug|Any CPU
		{97025F5C-A17E-49C2-B678-3C92D112AC91}.Debug|Any CPU.Build.0 = Debug|Any CPU
		{97025F5C-A17E-49C2-B678-3C92D112AC91}.Release|Any CPU.ActiveCfg = Release|Any CPU
		{97025F5C-A17E-49C2-B678-3C92D112AC91}.Release|Any CPU.Build.0 = Release|Any CPU
	EndGlobalSection
	GlobalSection(SolutionProperties) = preSolution
		HideSolutionNode = FALSE
	EndGlobalSection
	GlobalSection(ExtensibilityGlobals) = postSolution
		SolutionGuid = {83453841-8772-47DC-91FE-640BD6BF4372}
	EndGlobalSection
EndGlobal
